
Microsoft Visual Studio Solution File, Format Version 12.00
# Visual Studio Version 16
VisualStudioVersion = 16.0.33027.164
MinimumVisualStudioVersion = 10.0.40219.1
Project("{FAE04EC0-301F-11D3-BF4B-00C04F79EFBC}") = "Connverter", "Connverter.csproj", "{149E33B8-17C0-4766-A35F-654FD3FE73BD}"
EndProject
Global
	GlobalSection(SolutionConfigurationPlatforms) = preSolution
		Debug|Any CPU = Debug|Any CPU
		Release|Any CPU = Release|Any CPU
	EndGlobalSection
	GlobalSection(ProjectConfigurationPlatforms) = postSolution
		{149E33B8-17C0-4766-A35F-654FD3FE73BD}.Debug|Any CPU.ActiveCfg = Debug|Any CPU
		{149E33B8-17C0-4766-A35F-654FD3FE73BD}.Debug|Any CPU.Build.0 = Debug|Any CPU
		{149E33B8-17C0-4766-A35F-654FD3FE73BD}.Release|Any CPU.ActiveCfg = Release|Any CPU
		{149E33B8-17C0-4766-A35F-654FD3FE73BD}.Release|Any CPU.Build.0 = Release|Any CPU
	EndGlobalSection
	GlobalSection(SolutionProperties) = preSolution
		HideSolutionNode = FALSE
	EndGlobalSection
	GlobalSection(ExtensibilityGlobals) = postSolution
		SolutionGuid = {43DB911C-1768-4BBF-8E52-6101E6E10964}
	EndGlobalSection
EndGlobal
